
Microsoft Visual Studio Solution File, Format Version 12.00
# Visual Studio 15
VisualStudioVersion = 15.0.28010.2046
MinimumVisualStudioVersion = 10.0.40219.1
Project("{FAE04EC0-301F-11D3-BF4B-00C04F79EFBC}") = "HRMserver", "HRMserver\HRMserver.csproj", "{2C35E0A2-5205-497C-A9CB-07325D739BF7}"
EndProject
Project("{FAE04EC0-301F-11D3-BF4B-00C04F79EFBC}") = "HRMserver.Model", "HRMserver.Model\HRMserver.Model.csproj", "{C6FF9147-0E33-4629-8A49-6F323D1910D4}"
EndProject
Project("{FAE04EC0-301F-11D3-BF4B-00C04F79EFBC}") = "HRMserver.DAL", "HRMserver.DAL\HRMserver.DAL.csproj", "{5E3FA4CE-B965-43D9-81E1-BF8D98981809}"
EndProject
Project("{FAE04EC0-301F-11D3-BF4B-00C04F79EFBC}") = "HRMserver.BLL", "HRMserver.BLL\HRMserver.BLL.csproj", "{528F36DD-947A-4825-9A3D-E77B55997233}"
EndProject
Global
	GlobalSection(SolutionConfigurationPlatforms) = preSolution
		Debug|Any CPU = Debug|Any CPU
		Release|Any CPU = Release|Any CPU
	EndGlobalSection
	GlobalSection(ProjectConfigurationPlatforms) = postSolution
		{2C35E0A2-5205-497C-A9CB-07325D739BF7}.Debug|Any CPU.ActiveCfg = Debug|Any CPU
		{2C35E0A2-5205-497C-A9CB-07325D739BF7}.Debug|Any CPU.Build.0 = Debug|Any CPU
		{2C35E0A2-5205-497C-A9CB-07325D739BF7}.Release|Any CPU.ActiveCfg = Release|Any CPU
		{2C35E0A2-5205-497C-A9CB-07325D739BF7}.Release|Any CPU.Build.0 = Release|Any CPU
		{C6FF9147-0E33-4629-8A49-6F323D1910D4}.Debug|Any CPU.ActiveCfg = Debug|Any CPU
		{C6FF9147-0E33-4629-8A49-6F323D1910D4}.Debug|Any CPU.Build.0 = Debug|Any CPU
		{C6FF9147-0E33-4629-8A49-6F323D1910D4}.Release|Any CPU.ActiveCfg = Release|Any CPU
		{C6FF9147-0E33-4629-8A49-6F323D1910D4}.Release|Any CPU.Build.0 = Release|Any CPU
		{5E3FA4CE-B965-43D9-81E1-BF8D98981809}.Debug|Any CPU.ActiveCfg = Debug|Any CPU
		{5E3FA4CE-B965-43D9-81E1-BF8D98981809}.Debug|Any CPU.Build.0 = Debug|Any CPU
		{5E3FA4CE-B965-43D9-81E1-BF8D98981809}.Release|Any CPU.ActiveCfg = Release|Any CPU
		{5E3FA4CE-B965-43D9-81E1-BF8D98981809}.Release|Any CPU.Build.0 = Release|Any CPU
		{528F36DD-947A-4825-9A3D-E77B55997233}.Debug|Any CPU.ActiveCfg = Debug|Any CPU
		{528F36DD-947A-4825-9A3D-E77B55997233}.Debug|Any CPU.Build.0 = Debug|Any CPU
		{528F36DD-947A-4825-9A3D-E77B55997233}.Release|Any CPU.ActiveCfg = Release|Any CPU
		{528F36DD-947A-4825-9A3D-E77B55997233}.Release|Any CPU.Build.0 = Release|Any CPU
	EndGlobalSection
	GlobalSection(SolutionProperties) = preSolution
		HideSolutionNode = FALSE
	EndGlobalSection
	GlobalSection(ExtensibilityGlobals) = postSolution
		SolutionGuid = {84A5A6BE-10A8-48B7-965C-EAA2B0022D40}
	EndGlobalSection
EndGlobal
